
Microsoft Visual Studio Solution File, Format Version 12.00
# Visual Studio Version 16
VisualStudioVersion = 16.0.29613.14
MinimumVisualStudioVersion = 10.0.40219.1
Project("{FAE04EC0-301F-11D3-BF4B-00C04F79EFBC}") = "Parking", "Parking\Parking.csproj", "{E9C9F412-E6E6-4156-A12A-DC81DAEFAE92}"
EndProject
Global
	GlobalSection(SolutionConfigurationPlatforms) = preSolution
		Debug|Any CPU = Debug|Any CPU
		Release|Any CPU = Release|Any CPU
	EndGlobalSection
	GlobalSection(ProjectConfigurationPlatforms) = postSolution
		{E9C9F412-E6E6-4156-A12A-DC81DAEFAE92}.Debug|Any CPU.ActiveCfg = Debug|Any CPU
		{E9C9F412-E6E6-4156-A12A-DC81DAEFAE92}.Debug|Any CPU.Build.0 = Debug|Any CPU
		{E9C9F412-E6E6-4156-A12A-DC81DAEFAE92}.Release|Any CPU.ActiveCfg = Release|Any CPU
		{E9C9F412-E6E6-4156-A12A-DC81DAEFAE92}.Release|Any CPU.Build.0 = Release|Any CPU
	EndGlobalSection
	GlobalSection(SolutionProperties) = preSolution
		HideSolutionNode = FALSE
	EndGlobalSection
	GlobalSection(ExtensibilityGlobals) = postSolution
		SolutionGuid = {8BD18527-DC99-46C1-89DC-05ACFAB18325}
	EndGlobalSection
EndGlobal
