
Microsoft Visual Studio Solution File, Format Version 12.00
# Visual Studio Version 16
VisualStudioVersion = 16.0.29613.14
MinimumVisualStudioVersion = 10.0.40219.1
Project("{FAE04EC0-301F-11D3-BF4B-00C04F79EFBC}") = "lesson6", "lesson6\lesson6.csproj", "{A8B2FD5E-F0C1-4C7B-8741-AC121FB02908}"
EndProject
Global
	GlobalSection(SolutionConfigurationPlatforms) = preSolution
		Debug|Any CPU = Debug|Any CPU
		Release|Any CPU = Release|Any CPU
	EndGlobalSection
	GlobalSection(ProjectConfigurationPlatforms) = postSolution
		{A8B2FD5E-F0C1-4C7B-8741-AC121FB02908}.Debug|Any CPU.ActiveCfg = Debug|Any CPU
		{A8B2FD5E-F0C1-4C7B-8741-AC121FB02908}.Debug|Any CPU.Build.0 = Debug|Any CPU
		{A8B2FD5E-F0C1-4C7B-8741-AC121FB02908}.Release|Any CPU.ActiveCfg = Release|Any CPU
		{A8B2FD5E-F0C1-4C7B-8741-AC121FB02908}.Release|Any CPU.Build.0 = Release|Any CPU
	EndGlobalSection
	GlobalSection(SolutionProperties) = preSolution
		HideSolutionNode = FALSE
	EndGlobalSection
	GlobalSection(ExtensibilityGlobals) = postSolution
		SolutionGuid = {2EE16D2B-D375-413F-B9AE-9CEF3EBC1676}
	EndGlobalSection
EndGlobal
