
Microsoft Visual Studio Solution File, Format Version 12.00
# Visual Studio Version 16
VisualStudioVersion = 16.0.29613.14
MinimumVisualStudioVersion = 10.0.40219.1
Project("{FAE04EC0-301F-11D3-BF4B-00C04F79EFBC}") = "Polynomial", "Polynomial\Polynomial.csproj", "{4538EDBF-CF27-412B-8D6A-379BB2D07999}"
EndProject
Project("{FAE04EC0-301F-11D3-BF4B-00C04F79EFBC}") = "PolynomialTests", "PolynomialTests\PolynomialTests.csproj", "{9DB9403D-8613-49F3-B4C6-F39BB42A5AFE}"
EndProject
Global
	GlobalSection(SolutionConfigurationPlatforms) = preSolution
		Debug|Any CPU = Debug|Any CPU
		Release|Any CPU = Release|Any CPU
	EndGlobalSection
	GlobalSection(ProjectConfigurationPlatforms) = postSolution
		{4538EDBF-CF27-412B-8D6A-379BB2D07999}.Debug|Any CPU.ActiveCfg = Debug|Any CPU
		{4538EDBF-CF27-412B-8D6A-379BB2D07999}.Debug|Any CPU.Build.0 = Debug|Any CPU
		{4538EDBF-CF27-412B-8D6A-379BB2D07999}.Release|Any CPU.ActiveCfg = Release|Any CPU
		{4538EDBF-CF27-412B-8D6A-379BB2D07999}.Release|Any CPU.Build.0 = Release|Any CPU
		{9DB9403D-8613-49F3-B4C6-F39BB42A5AFE}.Debug|Any CPU.ActiveCfg = Debug|Any CPU
		{9DB9403D-8613-49F3-B4C6-F39BB42A5AFE}.Debug|Any CPU.Build.0 = Debug|Any CPU
		{9DB9403D-8613-49F3-B4C6-F39BB42A5AFE}.Release|Any CPU.ActiveCfg = Release|Any CPU
		{9DB9403D-8613-49F3-B4C6-F39BB42A5AFE}.Release|Any CPU.Build.0 = Release|Any CPU
	EndGlobalSection
	GlobalSection(SolutionProperties) = preSolution
		HideSolutionNode = FALSE
	EndGlobalSection
	GlobalSection(ExtensibilityGlobals) = postSolution
		SolutionGuid = {17D83B96-9109-46C6-80AD-18D7F5E7E4C7}
	EndGlobalSection
EndGlobal
